
Microsoft Visual Studio Solution File, Format Version 12.00
# Visual Studio Version 17
VisualStudioVersion = 17.11.35312.102
MinimumVisualStudioVersion = 10.0.40219.1
Project("{FAE04EC0-301F-11D3-BF4B-00C04F79EFBC}") = "personCatalogAPI", "personCatalogAPI\personCatalogAPI.csproj", "{8BABA1EF-F755-4D0C-BFCB-1B0AA709CEFF}"
EndProject
Project("{FAE04EC0-301F-11D3-BF4B-00C04F79EFBC}") = "PersonCatalog", "PersonCatalog\PersonCatalog.csproj", "{8429208E-0736-4C89-8955-194DBC08F9C3}"
EndProject
Global
	GlobalSection(SolutionConfigurationPlatforms) = preSolution
		Debug|Any CPU = Debug|Any CPU
		Release|Any CPU = Release|Any CPU
	EndGlobalSection
	GlobalSection(ProjectConfigurationPlatforms) = postSolution
		{8BABA1EF-F755-4D0C-BFCB-1B0AA709CEFF}.Debug|Any CPU.ActiveCfg = Debug|Any CPU
		{8BABA1EF-F755-4D0C-BFCB-1B0AA709CEFF}.Debug|Any CPU.Build.0 = Debug|Any CPU
		{8BABA1EF-F755-4D0C-BFCB-1B0AA709CEFF}.Release|Any CPU.ActiveCfg = Release|Any CPU
		{8BABA1EF-F755-4D0C-BFCB-1B0AA709CEFF}.Release|Any CPU.Build.0 = Release|Any CPU
		{8429208E-0736-4C89-8955-194DBC08F9C3}.Debug|Any CPU.ActiveCfg = Debug|Any CPU
		{8429208E-0736-4C89-8955-194DBC08F9C3}.Debug|Any CPU.Build.0 = Debug|Any CPU
		{8429208E-0736-4C89-8955-194DBC08F9C3}.Release|Any CPU.ActiveCfg = Release|Any CPU
		{8429208E-0736-4C89-8955-194DBC08F9C3}.Release|Any CPU.Build.0 = Release|Any CPU
	EndGlobalSection
	GlobalSection(SolutionProperties) = preSolution
		HideSolutionNode = FALSE
	EndGlobalSection
	GlobalSection(ExtensibilityGlobals) = postSolution
		SolutionGuid = {EA2D8D8F-89A2-4250-B192-C324AACC600F}
	EndGlobalSection
EndGlobal
